
Microsoft Visual Studio Solution File, Format Version 12.00
Project("{FAE04EC0-301F-11D3-BF4B-00C04F79EFBC}") = "contacts", "contacts\contacts.csproj", "{6E517685-032F-4E45-9D4F-2057FA473F37}"
EndProject
Project("{FAE04EC0-301F-11D3-BF4B-00C04F79EFBC}") = "sales", "sales\sales.csproj", "{2E73F181-5211-4C39-B74B-4B81DD490ED2}"
EndProject
Project("{FAE04EC0-301F-11D3-BF4B-00C04F79EFBC}") = "projects", "projects\projects.csproj", "{B571B804-C215-41F8-BE7C-F0DA3B7C49BD}"
EndProject
Global
	GlobalSection(SolutionConfigurationPlatforms) = preSolution
		Debug|Any CPU = Debug|Any CPU
		Release|Any CPU = Release|Any CPU
	EndGlobalSection
	GlobalSection(ProjectConfigurationPlatforms) = postSolution
		{6E517685-032F-4E45-9D4F-2057FA473F37}.Debug|Any CPU.ActiveCfg = Debug|Any CPU
		{6E517685-032F-4E45-9D4F-2057FA473F37}.Debug|Any CPU.Build.0 = Debug|Any CPU
		{6E517685-032F-4E45-9D4F-2057FA473F37}.Release|Any CPU.ActiveCfg = Release|Any CPU
		{6E517685-032F-4E45-9D4F-2057FA473F37}.Release|Any CPU.Build.0 = Release|Any CPU
		{2E73F181-5211-4C39-B74B-4B81DD490ED2}.Debug|Any CPU.ActiveCfg = Debug|Any CPU
		{2E73F181-5211-4C39-B74B-4B81DD490ED2}.Debug|Any CPU.Build.0 = Debug|Any CPU
		{2E73F181-5211-4C39-B74B-4B81DD490ED2}.Release|Any CPU.ActiveCfg = Release|Any CPU
		{2E73F181-5211-4C39-B74B-4B81DD490ED2}.Release|Any CPU.Build.0 = Release|Any CPU
		{B571B804-C215-41F8-BE7C-F0DA3B7C49BD}.Debug|Any CPU.ActiveCfg = Debug|Any CPU
		{B571B804-C215-41F8-BE7C-F0DA3B7C49BD}.Debug|Any CPU.Build.0 = Debug|Any CPU
		{B571B804-C215-41F8-BE7C-F0DA3B7C49BD}.Release|Any CPU.ActiveCfg = Release|Any CPU
		{B571B804-C215-41F8-BE7C-F0DA3B7C49BD}.Release|Any CPU.Build.0 = Release|Any CPU
	EndGlobalSection
EndGlobal
